
Microsoft Visual Studio Solution File, Format Version 12.00
# Visual Studio 14
VisualStudioVersion = 14.0.25420.1
MinimumVisualStudioVersion = 10.0.40219.1
Project("{FAE04EC0-301F-11D3-BF4B-00C04F79EFBC}") = "PopUpDemo", "PopUpDemo.csproj", "{3BEBA98F-CD1C-436D-9301-7A11DA21D4C9}"
EndProject
Global
	GlobalSection(SolutionConfigurationPlatforms) = preSolution
		Debug|Any CPU = Debug|Any CPU
		Release|Any CPU = Release|Any CPU
	EndGlobalSection
	GlobalSection(ProjectConfigurationPlatforms) = postSolution
		{3BEBA98F-CD1C-436D-9301-7A11DA21D4C9}.Debug|Any CPU.ActiveCfg = Debug|Any CPU
		{3BEBA98F-CD1C-436D-9301-7A11DA21D4C9}.Debug|Any CPU.Build.0 = Debug|Any CPU
		{3BEBA98F-CD1C-436D-9301-7A11DA21D4C9}.Release|Any CPU.ActiveCfg = Release|Any CPU
		{3BEBA98F-CD1C-436D-9301-7A11DA21D4C9}.Release|Any CPU.Build.0 = Release|Any CPU
	EndGlobalSection
	GlobalSection(SolutionProperties) = preSolution
		HideSolutionNode = FALSE
	EndGlobalSection
	GlobalSection(ExtensibilityGlobals) = postSolution
		SolutionGuid = {0B5492D9-3920-4911-A120-966C3DB17E0D}
	EndGlobalSection
EndGlobal
